
Microsoft Visual Studio Solution File, Format Version 10.00
# Visual Studio 2008
Project("{8BC9CEB8-8B4A-11D0-8D11-00A0C91BC942}") = "AmrPlayDll", "AmrPlayDll\AmrPlayDll.vcproj", "{3D7B43F3-D1CD-4506-8E3A-8B4A27345914}"
EndProject
Global
	GlobalSection(SolutionConfigurationPlatforms) = preSolution
		Debug|Win32 = Debug|Win32
		Release|Win32 = Release|Win32
	EndGlobalSection
	GlobalSection(ProjectConfigurationPlatforms) = postSolution
		{3D7B43F3-D1CD-4506-8E3A-8B4A27345914}.Debug|Win32.ActiveCfg = Debug|Win32
		{3D7B43F3-D1CD-4506-8E3A-8B4A27345914}.Debug|Win32.Build.0 = Debug|Win32
		{3D7B43F3-D1CD-4506-8E3A-8B4A27345914}.Release|Win32.ActiveCfg = Release|Win32
		{3D7B43F3-D1CD-4506-8E3A-8B4A27345914}.Release|Win32.Build.0 = Release|Win32
	EndGlobalSection
	GlobalSection(SolutionProperties) = preSolution
		HideSolutionNode = FALSE
	EndGlobalSection
EndGlobal
